
Microsoft Visual Studio Solution File, Format Version 12.00
# Visual Studio Version 17
VisualStudioVersion = 17.5.2.0
MinimumVisualStudioVersion = 10.0.40219.1
Project("{FAE04EC0-301F-11D3-BF4B-00C04F79EFBC}") = "BancoAPI.Application", "BancoAPI.Application\BancoAPI.Application.csproj", "{AA4B9D9A-D8FA-4189-8106-CC5385C758B7}"
EndProject
Project("{FAE04EC0-301F-11D3-BF4B-00C04F79EFBC}") = "BancoAPI.Domain", "BancoAPI.Domain\BancoAPI.Domain.csproj", "{24ACF144-530A-4990-99C5-3E9E4F17E7FC}"
EndProject
Project("{FAE04EC0-301F-11D3-BF4B-00C04F79EFBC}") = "BancoAPI.Infrastructure", "BancoAPI.Infrastructure\BancoAPI.Infrastructure.csproj", "{97598511-E212-4463-8564-902C2F3A0A46}"
EndProject
Project("{FAE04EC0-301F-11D3-BF4B-00C04F79EFBC}") = "BancoAPI.Api", "BancoAPI.Api\BancoAPI.Api.csproj", "{D32A7E04-48DF-414A-BD41-84E2F7604674}"
EndProject
Global
	GlobalSection(SolutionConfigurationPlatforms) = preSolution
		Debug|Any CPU = Debug|Any CPU
		Debug|x64 = Debug|x64
		Debug|x86 = Debug|x86
		Release|Any CPU = Release|Any CPU
		Release|x64 = Release|x64
		Release|x86 = Release|x86
	EndGlobalSection
	GlobalSection(ProjectConfigurationPlatforms) = postSolution
		{AA4B9D9A-D8FA-4189-8106-CC5385C758B7}.Debug|Any CPU.ActiveCfg = Debug|Any CPU
		{AA4B9D9A-D8FA-4189-8106-CC5385C758B7}.Debug|Any CPU.Build.0 = Debug|Any CPU
		{AA4B9D9A-D8FA-4189-8106-CC5385C758B7}.Debug|x64.ActiveCfg = Debug|Any CPU
		{AA4B9D9A-D8FA-4189-8106-CC5385C758B7}.Debug|x64.Build.0 = Debug|Any CPU
		{AA4B9D9A-D8FA-4189-8106-CC5385C758B7}.Debug|x86.ActiveCfg = Debug|Any CPU
		{AA4B9D9A-D8FA-4189-8106-CC5385C758B7}.Debug|x86.Build.0 = Debug|Any CPU
		{AA4B9D9A-D8FA-4189-8106-CC5385C758B7}.Release|Any CPU.ActiveCfg = Release|Any CPU
		{AA4B9D9A-D8FA-4189-8106-CC5385C758B7}.Release|Any CPU.Build.0 = Release|Any CPU
		{AA4B9D9A-D8FA-4189-8106-CC5385C758B7}.Release|x64.ActiveCfg = Release|Any CPU
		{AA4B9D9A-D8FA-4189-8106-CC5385C758B7}.Release|x64.Build.0 = Release|Any CPU
		{AA4B9D9A-D8FA-4189-8106-CC5385C758B7}.Release|x86.ActiveCfg = Release|Any CPU
		{AA4B9D9A-D8FA-4189-8106-CC5385C758B7}.Release|x86.Build.0 = Release|Any CPU
		{24ACF144-530A-4990-99C5-3E9E4F17E7FC}.Debug|Any CPU.ActiveCfg = Debug|Any CPU
		{24ACF144-530A-4990-99C5-3E9E4F17E7FC}.Debug|Any CPU.Build.0 = Debug|Any CPU
		{24ACF144-530A-4990-99C5-3E9E4F17E7FC}.Debug|x64.ActiveCfg = Debug|Any CPU
		{24ACF144-530A-4990-99C5-3E9E4F17E7FC}.Debug|x64.Build.0 = Debug|Any CPU
		{24ACF144-530A-4990-99C5-3E9E4F17E7FC}.Debug|x86.ActiveCfg = Debug|Any CPU
		{24ACF144-530A-4990-99C5-3E9E4F17E7FC}.Debug|x86.Build.0 = Debug|Any CPU
		{24ACF144-530A-4990-99C5-3E9E4F17E7FC}.Release|Any CPU.ActiveCfg = Release|Any CPU
		{24ACF144-530A-4990-99C5-3E9E4F17E7FC}.Release|Any CPU.Build.0 = Release|Any CPU
		{24ACF144-530A-4990-99C5-3E9E4F17E7FC}.Release|x64.ActiveCfg = Release|Any CPU
		{24ACF144-530A-4990-99C5-3E9E4F17E7FC}.Release|x64.Build.0 = Release|Any CPU
		{24ACF144-530A-4990-99C5-3E9E4F17E7FC}.Release|x86.ActiveCfg = Release|Any CPU
		{24ACF144-530A-4990-99C5-3E9E4F17E7FC}.Release|x86.Build.0 = Release|Any CPU
		{97598511-E212-4463-8564-902C2F3A0A46}.Debug|Any CPU.ActiveCfg = Debug|Any CPU
		{97598511-E212-4463-8564-902C2F3A0A46}.Debug|Any CPU.Build.0 = Debug|Any CPU
		{97598511-E212-4463-8564-902C2F3A0A46}.Debug|x64.ActiveCfg = Debug|Any CPU
		{97598511-E212-4463-8564-902C2F3A0A46}.Debug|x64.Build.0 = Debug|Any CPU
		{97598511-E212-4463-8564-902C2F3A0A46}.Debug|x86.ActiveCfg = Debug|Any CPU
		{97598511-E212-4463-8564-902C2F3A0A46}.Debug|x86.Build.0 = Debug|Any CPU
		{97598511-E212-4463-8564-902C2F3A0A46}.Release|Any CPU.ActiveCfg = Release|Any CPU
		{97598511-E212-4463-8564-902C2F3A0A46}.Release|Any CPU.Build.0 = Release|Any CPU
		{97598511-E212-4463-8564-902C2F3A0A46}.Release|x64.ActiveCfg = Release|Any CPU
		{97598511-E212-4463-8564-902C2F3A0A46}.Release|x64.Build.0 = Release|Any CPU
		{97598511-E212-4463-8564-902C2F3A0A46}.Release|x86.ActiveCfg = Release|Any CPU
		{97598511-E212-4463-8564-902C2F3A0A46}.Release|x86.Build.0 = Release|Any CPU
		{D32A7E04-48DF-414A-BD41-84E2F7604674}.Debug|Any CPU.ActiveCfg = Debug|Any CPU
		{D32A7E04-48DF-414A-BD41-84E2F7604674}.Debug|Any CPU.Build.0 = Debug|Any CPU
		{D32A7E04-48DF-414A-BD41-84E2F7604674}.Debug|x64.ActiveCfg = Debug|Any CPU
		{D32A7E04-48DF-414A-BD41-84E2F7604674}.Debug|x64.Build.0 = Debug|Any CPU
		{D32A7E04-48DF-414A-BD41-84E2F7604674}.Debug|x86.ActiveCfg = Debug|Any CPU
		{D32A7E04-48DF-414A-BD41-84E2F7604674}.Debug|x86.Build.0 = Debug|Any CPU
		{D32A7E04-48DF-414A-BD41-84E2F7604674}.Release|Any CPU.ActiveCfg = Release|Any CPU
		{D32A7E04-48DF-414A-BD41-84E2F7604674}.Release|Any CPU.Build.0 = Release|Any CPU
		{D32A7E04-48DF-414A-BD41-84E2F7604674}.Release|x64.ActiveCfg = Release|Any CPU
		{D32A7E04-48DF-414A-BD41-84E2F7604674}.Release|x64.Build.0 = Release|Any CPU
		{D32A7E04-48DF-414A-BD41-84E2F7604674}.Release|x86.ActiveCfg = Release|Any CPU
		{D32A7E04-48DF-414A-BD41-84E2F7604674}.Release|x86.Build.0 = Release|Any CPU
	EndGlobalSection
	GlobalSection(SolutionProperties) = preSolution
		HideSolutionNode = FALSE
	EndGlobalSection
	GlobalSection(ExtensibilityGlobals) = postSolution
		SolutionGuid = {911FF72B-5749-47F0-946D-2616B4B99751}
	EndGlobalSection
EndGlobal
